// !$*UTF8*$!
{
	archiveVersion = 1;
	classes = {
	};
	objectVersion = 56;
	objects = {

/* Begin PBXBuildFile section */
		86EBCFD829833A8400761936 /* AppDelegate.swift in Sources */ = {isa = PBXBuildFile; fileRef = 86EBCFD729833A8400761936 /* AppDelegate.swift */; };
		86EBCFDA29833A8400761936 /* SceneDelegate.swift in Sources */ = {isa = PBXBuildFile; fileRef = 86EBCFD929833A8400761936 /* SceneDelegate.swift */; };
		86EBCFDC29833A8400761936 /* MainGalleryViewController.swift in Sources */ = {isa = PBXBuildFile; fileRef = 86EBCFDB29833A8400761936 /* MainGalleryViewController.swift */; };
		86EBCFE129833A8500761936 /* Assets.xcassets in Resources */ = {isa = PBXBuildFile; fileRef = 86EBCFE029833A8500761936 /* Assets.xcassets */; };
		86F794C129833CAB00528DAB /* Main.storyboard in Resources */ = {isa = PBXBuildFile; fileRef = 86F794C029833CAB00528DAB /* Main.storyboard */; };
		86F794C329833CB900528DAB /* LaunchScreen.storyboard in Resources */ = {isa = PBXBuildFile; fileRef = 86F794C229833CB900528DAB /* LaunchScreen.storyboard */; };
		86F794CB2983725800528DAB /* DetailViewController.swift in Sources */ = {isa = PBXBuildFile; fileRef = 86F794CA2983725800528DAB /* DetailViewController.swift */; };
		86F794F6298388E400528DAB /* PicturesDataModel.xcdatamodeld in Sources */ = {isa = PBXBuildFile; fileRef = 86F794F4298388E400528DAB /* PicturesDataModel.xcdatamodeld */; };
		86F794F829838B5600528DAB /* Picture.swift in Sources */ = {isa = PBXBuildFile; fileRef = 86F794F729838B5600528DAB /* Picture.swift */; };
		86F794FB29838D7400528DAB /* CoreDataManager.swift in Sources */ = {isa = PBXBuildFile; fileRef = 86F794FA29838D7400528DAB /* CoreDataManager.swift */; };
		86F794FD2983918400528DAB /* UIImageTransformer.swift in Sources */ = {isa = PBXBuildFile; fileRef = 86F794FC2983918400528DAB /* UIImageTransformer.swift */; };
		86F794FF2983C53900528DAB /* MainGalleryViewController+Extension.swift in Sources */ = {isa = PBXBuildFile; fileRef = 86F794FE2983C53900528DAB /* MainGalleryViewController+Extension.swift */; };
		86F795022983D02800528DAB /* DataViewModel.swift in Sources */ = {isa = PBXBuildFile; fileRef = 86F795012983D02800528DAB /* DataViewModel.swift */; };
		86F7950529846EAE00528DAB /* LocationManager.swift in Sources */ = {isa = PBXBuildFile; fileRef = 86F7950429846EAE00528DAB /* LocationManager.swift */; };
/* End PBXBuildFile section */

/* Begin PBXFileReference section */
		86EBCFD429833A8400761936 /* PicturesEverywhere.app */ = {isa = PBXFileReference; explicitFileType = wrapper.application; includeInIndex = 0; path = PicturesEverywhere.app; sourceTree = BUILT_PRODUCTS_DIR; };
		86EBCFD729833A8400761936 /* AppDelegate.swift */ = {isa = PBXFileReference; lastKnownFileType = sourcecode.swift; path = AppDelegate.swift; sourceTree = "<group>"; };
		86EBCFD929833A8400761936 /* SceneDelegate.swift */ = {isa = PBXFileReference; lastKnownFileType = sourcecode.swift; path = SceneDelegate.swift; sourceTree = "<group>"; };
		86EBCFDB29833A8400761936 /* MainGalleryViewController.swift */ = {isa = PBXFileReference; lastKnownFileType = sourcecode.swift; path = MainGalleryViewController.swift; sourceTree = "<group>"; };
		86EBCFE029833A8500761936 /* Assets.xcassets */ = {isa = PBXFileReference; lastKnownFileType = folder.assetcatalog; path = Assets.xcassets; sourceTree = "<group>"; };
		86EBCFE529833A8500761936 /* Info.plist */ = {isa = PBXFileReference; lastKnownFileType = text.plist.xml; path = Info.plist; sourceTree = "<group>"; };
		86F794C029833CAB00528DAB /* Main.storyboard */ = {isa = PBXFileReference; fileEncoding = 4; lastKnownFileType = file.storyboard; path = Main.storyboard; sourceTree = "<group>"; };
		86F794C229833CB900528DAB /* LaunchScreen.storyboard */ = {isa = PBXFileReference; fileEncoding = 4; lastKnownFileType = file.storyboard; path = LaunchScreen.storyboard; sourceTree = "<group>"; };
		86F794CA2983725800528DAB /* DetailViewController.swift */ = {isa = PBXFileReference; lastKnownFileType = sourcecode.swift; path = DetailViewController.swift; sourceTree = "<group>"; };
		86F794F5298388E400528DAB /* PicturesDataModel.xcdatamodel */ = {isa = PBXFileReference; lastKnownFileType = wrapper.xcdatamodel; path = PicturesDataModel.xcdatamodel; sourceTree = "<group>"; };
		86F794F729838B5600528DAB /* Picture.swift */ = {isa = PBXFileReference; lastKnownFileType = sourcecode.swift; path = Picture.swift; sourceTree = "<group>"; };
		86F794FA29838D7400528DAB /* CoreDataManager.swift */ = {isa = PBXFileReference; lastKnownFileType = sourcecode.swift; path = CoreDataManager.swift; sourceTree = "<group>"; };
		86F794FC2983918400528DAB /* UIImageTransformer.swift */ = {isa = PBXFileReference; lastKnownFileType = sourcecode.swift; path = UIImageTransformer.swift; sourceTree = "<group>"; };
		86F794FE2983C53900528DAB /* MainGalleryViewController+Extension.swift */ = {isa = PBXFileReference; lastKnownFileType = sourcecode.swift; path = "MainGalleryViewController+Extension.swift"; sourceTree = "<group>"; };
		86F795012983D02800528DAB /* DataViewModel.swift */ = {isa = PBXFileReference; lastKnownFileType = sourcecode.swift; path = DataViewModel.swift; sourceTree = "<group>"; };
		86F7950429846EAE00528DAB /* LocationManager.swift */ = {isa = PBXFileReference; lastKnownFileType = sourcecode.swift; path = LocationManager.swift; sourceTree = "<group>"; };
/* End PBXFileReference section */

/* Begin PBXFrameworksBuildPhase section */
		86EBCFD129833A8400761936 /* Frameworks */ = {
			isa = PBXFrameworksBuildPhase;
			buildActionMask = 2147483647;
			files = (
			);
			runOnlyForDeploymentPostprocessing = 0;
		};
/* End PBXFrameworksBuildPhase section */

/* Begin PBXGroup section */
		86EBCFCB29833A8400761936 = {
			isa = PBXGroup;
			children = (
				86EBCFD629833A8400761936 /* PicturesEverywhere */,
				86EBCFD529833A8400761936 /* Products */,
			);
			sourceTree = "<group>";
		};
		86EBCFD529833A8400761936 /* Products */ = {
			isa = PBXGroup;
			children = (
				86EBCFD429833A8400761936 /* PicturesEverywhere.app */,
			);
			name = Products;
			sourceTree = "<group>";
		};
		86EBCFD629833A8400761936 /* PicturesEverywhere */ = {
			isa = PBXGroup;
			children = (
				86F7950329846E9100528DAB /* CoreLocation */,
				86F795002983D00400528DAB /* ViewModel */,
				86F794F929838D4500528DAB /* CoreData */,
				86F794CC29837F0500528DAB /* Model */,
				86F794C429833CDC00528DAB /* Views */,
				86F794C529833CEF00528DAB /* App */,
				86F794C729833D3A00528DAB /* Controllers */,
				86F794C629833D2200528DAB /* Assets */,
			);
			path = PicturesEverywhere;
			sourceTree = "<group>";
		};
		86F794C429833CDC00528DAB /* Views */ = {
			isa = PBXGroup;
			children = (
				86F794C229833CB900528DAB /* LaunchScreen.storyboard */,
				86F794C029833CAB00528DAB /* Main.storyboard */,
			);
			path = Views;
			sourceTree = "<group>";
		};
		86F794C529833CEF00528DAB /* App */ = {
			isa = PBXGroup;
			children = (
				86EBCFE529833A8500761936 /* Info.plist */,
				86EBCFD729833A8400761936 /* AppDelegate.swift */,
				86EBCFD929833A8400761936 /* SceneDelegate.swift */,
				86F794F4298388E400528DAB /* PicturesDataModel.xcdatamodeld */,
			);
			path = App;
			sourceTree = "<group>";
		};
		86F794C629833D2200528DAB /* Assets */ = {
			isa = PBXGroup;
			children = (
				86EBCFE029833A8500761936 /* Assets.xcassets */,
			);
			path = Assets;
			sourceTree = "<group>";
		};
		86F794C729833D3A00528DAB /* Controllers */ = {
			isa = PBXGroup;
			children = (
				86EBCFDB29833A8400761936 /* MainGalleryViewController.swift */,
				86F794CA2983725800528DAB /* DetailViewController.swift */,
				86F794FE2983C53900528DAB /* MainGalleryViewController+Extension.swift */,
			);
			path = Controllers;
			sourceTree = "<group>";
		};
		86F794CC29837F0500528DAB /* Model */ = {
			isa = PBXGroup;
			children = (
				86F794F729838B5600528DAB /* Picture.swift */,
			);
			path = Model;
			sourceTree = "<group>";
		};
		86F794F929838D4500528DAB /* CoreData */ = {
			isa = PBXGroup;
			children = (
				86F794FA29838D7400528DAB /* CoreDataManager.swift */,
				86F794FC2983918400528DAB /* UIImageTransformer.swift */,
			);
			path = CoreData;
			sourceTree = "<group>";
		};
		86F795002983D00400528DAB /* ViewModel */ = {
			isa = PBXGroup;
			children = (
				86F795012983D02800528DAB /* DataViewModel.swift */,
			);
			path = ViewModel;
			sourceTree = "<group>";
		};
		86F7950329846E9100528DAB /* CoreLocation */ = {
			isa = PBXGroup;
			children = (
				86F7950429846EAE00528DAB /* LocationManager.swift */,
			);
			path = CoreLocation;
			sourceTree = "<group>";
		};
/* End PBXGroup section */

/* Begin PBXNativeTarget section */
		86EBCFD329833A8400761936 /* PicturesEverywhere */ = {
			isa = PBXNativeTarget;
			buildConfigurationList = 86EBCFE829833A8500761936 /* Build configuration list for PBXNativeTarget "PicturesEverywhere" */;
			buildPhases = (
				86EBCFD029833A8400761936 /* Sources */,
				86EBCFD129833A8400761936 /* Frameworks */,
				86EBCFD229833A8400761936 /* Resources */,
			);
			buildRules = (
			);
			dependencies = (
			);
			name = PicturesEverywhere;
			productName = PicturesEverywhere;
			productReference = 86EBCFD429833A8400761936 /* PicturesEverywhere.app */;
			productType = "com.apple.product-type.application";
		};
/* End PBXNativeTarget section */

/* Begin PBXProject section */
		86EBCFCC29833A8400761936 /* Project object */ = {
			isa = PBXProject;
			attributes = {
				BuildIndependentTargetsInParallel = 1;
				LastSwiftUpdateCheck = 1420;
				LastUpgradeCheck = 1420;
				TargetAttributes = {
					86EBCFD329833A8400761936 = {
						CreatedOnToolsVersion = 14.2;
					};
				};
			};
			buildConfigurationList = 86EBCFCF29833A8400761936 /* Build configuration list for PBXProject "PicturesEverywhere" */;
			compatibilityVersion = "Xcode 14.0";
			developmentRegion = en;
			hasScannedForEncodings = 0;
			knownRegions = (
				en,
				Base,
			);
			mainGroup = 86EBCFCB29833A8400761936;
			productRefGroup = 86EBCFD529833A8400761936 /* Products */;
			projectDirPath = "";
			projectRoot = "";
			targets = (
				86EBCFD329833A8400761936 /* PicturesEverywhere */,
			);
		};
/* End PBXProject section */

/* Begin PBXResourcesBuildPhase section */
		86EBCFD229833A8400761936 /* Resources */ = {
			isa = PBXResourcesBuildPhase;
			buildActionMask = 2147483647;
			files = (
				86F794C329833CB900528DAB /* LaunchScreen.storyboard in Resources */,
				86EBCFE129833A8500761936 /* Assets.xcassets in Resources */,
				86F794C129833CAB00528DAB /* Main.storyboard in Resources */,
			);
			runOnlyForDeploymentPostprocessing = 0;
		};
/* End PBXResourcesBuildPhase section */

/* Begin PBXSourcesBuildPhase section */
		86EBCFD029833A8400761936 /* Sources */ = {
			isa = PBXSourcesBuildPhase;
			buildActionMask = 2147483647;
			files = (
				86EBCFDC29833A8400761936 /* MainGalleryViewController.swift in Sources */,
				86EBCFD829833A8400761936 /* AppDelegate.swift in Sources */,
				86F794FD2983918400528DAB /* UIImageTransformer.swift in Sources */,
				86F7950529846EAE00528DAB /* LocationManager.swift in Sources */,
				86F794CB2983725800528DAB /* DetailViewController.swift in Sources */,
				86F795022983D02800528DAB /* DataViewModel.swift in Sources */,
				86F794FF2983C53900528DAB /* MainGalleryViewController+Extension.swift in Sources */,
				86F794F829838B5600528DAB /* Picture.swift in Sources */,
				86EBCFDA29833A8400761936 /* SceneDelegate.swift in Sources */,
				86F794FB29838D7400528DAB /* CoreDataManager.swift in Sources */,
				86F794F6298388E400528DAB /* PicturesDataModel.xcdatamodeld in Sources */,
			);
			runOnlyForDeploymentPostprocessing = 0;
		};
/* End PBXSourcesBuildPhase section */

/* Begin XCBuildConfiguration section */
		86EBCFE629833A8500761936 /* Debug */ = {
			isa = XCBuildConfiguration;
			buildSettings = {
				ALWAYS_SEARCH_USER_PATHS = NO;
				CLANG_ANALYZER_NONNULL = YES;
				CLANG_ANALYZER_NUMBER_OBJECT_CONVERSION = YES_AGGRESSIVE;
				CLANG_CXX_LANGUAGE_STANDARD = "gnu++20";
				CLANG_ENABLE_MODULES = YES;
				CLANG_ENABLE_OBJC_ARC = YES;
				CLANG_ENABLE_OBJC_WEAK = YES;
				CLANG_WARN_BLOCK_CAPTURE_AUTORELEASING = YES;
				CLANG_WARN_BOOL_CONVERSION = YES;
				CLANG_WARN_COMMA = YES;
				CLANG_WARN_CONSTANT_CONVERSION = YES;
				CLANG_WARN_DEPRECATED_OBJC_IMPLEMENTATIONS = YES;
				CLANG_WARN_DIRECT_OBJC_ISA_USAGE = YES_ERROR;
				CLANG_WARN_DOCUMENTATION_COMMENTS = YES;
				CLANG_WARN_EMPTY_BODY = YES;
				CLANG_WARN_ENUM_CONVERSION = YES;
				CLANG_WARN_INFINITE_RECURSION = YES;
				CLANG_WARN_INT_CONVERSION = YES;
				CLANG_WARN_NON_LITERAL_NULL_CONVERSION = YES;
				CLANG_WARN_OBJC_IMPLICIT_RETAIN_SELF = YES;
				CLANG_WARN_OBJC_LITERAL_CONVERSION = YES;
				CLANG_WARN_OBJC_ROOT_CLASS = YES_ERROR;
				CLANG_WARN_QUOTED_INCLUDE_IN_FRAMEWORK_HEADER = YES;
				CLANG_WARN_RANGE_LOOP_ANALYSIS = YES;
				CLANG_WARN_STRICT_PROTOTYPES = YES;
				CLANG_WARN_SUSPICIOUS_MOVE = YES;
				CLANG_WARN_UNGUARDED_AVAILABILITY = YES_AGGRESSIVE;
				CLANG_WARN_UNREACHABLE_CODE = YES;
				CLANG_WARN__DUPLICATE_METHOD_MATCH = YES;
				COPY_PHASE_STRIP = NO;
				DEBUG_INFORMATION_FORMAT = dwarf;
				ENABLE_STRICT_OBJC_MSGSEND = YES;
				ENABLE_TESTABILITY = YES;
				GCC_C_LANGUAGE_STANDARD = gnu11;
				GCC_DYNAMIC_NO_PIC = NO;
				GCC_NO_COMMON_BLOCKS = YES;
				GCC_OPTIMIZATION_LEVEL = 0;
				GCC_PREPROCESSOR_DEFINITIONS = (
					"DEBUG=1",
					"$(inherited)",
				);
				GCC_WARN_64_TO_32_BIT_CONVERSION = YES;
				GCC_WARN_ABOUT_RETURN_TYPE = YES_ERROR;
				GCC_WARN_UNDECLARED_SELECTOR = YES;
				GCC_WARN_UNINITIALIZED_AUTOS = YES_AGGRESSIVE;
				GCC_WARN_UNUSED_FUNCTION = YES;
				GCC_WARN_UNUSED_VARIABLE = YES;
				IPHONEOS_DEPLOYMENT_TARGET = 14.0;
				MTL_ENABLE_DEBUG_INFO = INCLUDE_SOURCE;
				MTL_FAST_MATH = YES;
				ONLY_ACTIVE_ARCH = YES;
				SDKROOT = iphoneos;
				SWIFT_ACTIVE_COMPILATION_CONDITIONS = DEBUG;
				SWIFT_OPTIMIZATION_LEVEL = "-Onone";
			};
			name = Debug;
		};
		86EBCFE729833A8500761936 /* Release */ = {
			isa = XCBuildConfiguration;
			buildSettings = {
				ALWAYS_SEARCH_USER_PATHS = NO;
				CLANG_ANALYZER_NONNULL = YES;
				CLANG_ANALYZER_NUMBER_OBJECT_CONVERSION = YES_AGGRESSIVE;
				CLANG_CXX_LANGUAGE_STANDARD = "gnu++20";
				CLANG_ENABLE_MODULES = YES;
				CLANG_ENABLE_OBJC_ARC = YES;
				CLANG_ENABLE_OBJC_WEAK = YES;
				CLANG_WARN_BLOCK_CAPTURE_AUTORELEASING = YES;
				CLANG_WARN_BOOL_CONVERSION = YES;
				CLANG_WARN_COMMA = YES;
				CLANG_WARN_CONSTANT_CONVERSION = YES;
				CLANG_WARN_DEPRECATED_OBJC_IMPLEMENTATIONS = YES;
				CLANG_WARN_DIRECT_OBJC_ISA_USAGE = YES_ERROR;
				CLANG_WARN_DOCUMENTATION_COMMENTS = YES;
				CLANG_WARN_EMPTY_BODY = YES;
				CLANG_WARN_ENUM_CONVERSION = YES;
				CLANG_WARN_INFINITE_RECURSION = YES;
				CLANG_WARN_INT_CONVERSION = YES;
				CLANG_WARN_NON_LITERAL_NULL_CONVERSION = YES;
				CLANG_WARN_OBJC_IMPLICIT_RETAIN_SELF = YES;
				CLANG_WARN_OBJC_LITERAL_CONVERSION = YES;
				CLANG_WARN_OBJC_ROOT_CLASS = YES_ERROR;
				CLANG_WARN_QUOTED_INCLUDE_IN_FRAMEWORK_HEADER = YES;
				CLANG_WARN_RANGE_LOOP_ANALYSIS = YES;
				CLANG_WARN_STRICT_PROTOTYPES = YES;
				CLANG_WARN_SUSPICIOUS_MOVE = YES;
				CLANG_WARN_UNGUARDED_AVAILABILITY = YES_AGGRESSIVE;
				CLANG_WARN_UNREACHABLE_CODE = YES;
				CLANG_WARN__DUPLICATE_METHOD_MATCH = YES;
				COPY_PHASE_STRIP = NO;
				DEBUG_INFORMATION_FORMAT = "dwarf-with-dsym";
				ENABLE_NS_ASSERTIONS = NO;
				ENABLE_STRICT_OBJC_MSGSEND = YES;
				GCC_C_LANGUAGE_STANDARD = gnu11;
				GCC_NO_COMMON_BLOCKS = YES;
				GCC_WARN_64_TO_32_BIT_CONVERSION = YES;
				GCC_WARN_ABOUT_RETURN_TYPE = YES_ERROR;
				GCC_WARN_UNDECLARED_SELECTOR = YES;
				GCC_WARN_UNINITIALIZED_AUTOS = YES_AGGRESSIVE;
				GCC_WARN_UNUSED_FUNCTION = YES;
				GCC_WARN_UNUSED_VARIABLE = YES;
				IPHONEOS_DEPLOYMENT_TARGET = 14.0;
				MTL_ENABLE_DEBUG_INFO = NO;
				MTL_FAST_MATH = YES;
				SDKROOT = iphoneos;
				SWIFT_COMPILATION_MODE = wholemodule;
				SWIFT_OPTIMIZATION_LEVEL = "-O";
				VALIDATE_PRODUCT = YES;
			};
			name = Release;
		};
		86EBCFE929833A8500761936 /* Debug */ = {
			isa = XCBuildConfiguration;
			buildSettings = {
				ASSETCATALOG_COMPILER_APPICON_NAME = AppIcon;
				ASSETCATALOG_COMPILER_GLOBAL_ACCENT_COLOR_NAME = AccentColor;
				CODE_SIGN_STYLE = Automatic;
				CURRENT_PROJECT_VERSION = 1;
				DEVELOPMENT_TEAM = 7J27C6KE2Q;
				GENERATE_INFOPLIST_FILE = YES;
				INFOPLIST_FILE = PicturesEverywhere/App/Info.plist;
				INFOPLIST_KEY_UIApplicationSupportsIndirectInputEvents = YES;
				INFOPLIST_KEY_UILaunchStoryboardName = LaunchScreen;
				INFOPLIST_KEY_UIMainStoryboardFile = Main;
				INFOPLIST_KEY_UISupportedInterfaceOrientations_iPad = "UIInterfaceOrientationPortrait UIInterfaceOrientationPortraitUpsideDown UIInterfaceOrientationLandscapeLeft UIInterfaceOrientationLandscapeRight";
				INFOPLIST_KEY_UISupportedInterfaceOrientations_iPhone = "UIInterfaceOrientationPortrait UIInterfaceOrientationLandscapeLeft UIInterfaceOrientationLandscapeRight";
				LD_RUNPATH_SEARCH_PATHS = (
					"$(inherited)",
					"@executable_path/Frameworks",
				);
				MARKETING_VERSION = 1.0;
				PRODUCT_BUNDLE_IDENTIFIER = OnceDev.PicturesEverywhere;
				PRODUCT_NAME = "$(TARGET_NAME)";
				SWIFT_EMIT_LOC_STRINGS = YES;
				SWIFT_VERSION = 5.0;
				TARGETED_DEVICE_FAMILY = "1,2";
			};
			name = Debug;
		};
		86EBCFEA29833A8500761936 /* Release */ = {
			isa = XCBuildConfiguration;
			buildSettings = {
				ASSETCATALOG_COMPILER_APPICON_NAME = AppIcon;
				ASSETCATALOG_COMPILER_GLOBAL_ACCENT_COLOR_NAME = AccentColor;
				CODE_SIGN_STYLE = Automatic;
				CURRENT_PROJECT_VERSION = 1;
				DEVELOPMENT_TEAM = 7J27C6KE2Q;
				GENERATE_INFOPLIST_FILE = YES;
				INFOPLIST_FILE = PicturesEverywhere/App/Info.plist;
				INFOPLIST_KEY_UIApplicationSupportsIndirectInputEvents = YES;
				INFOPLIST_KEY_UILaunchStoryboardName = LaunchScreen;
				INFOPLIST_KEY_UIMainStoryboardFile = Main;
				INFOPLIST_KEY_UISupportedInterfaceOrientations_iPad = "UIInterfaceOrientationPortrait UIInterfaceOrientationPortraitUpsideDown UIInterfaceOrientationLandscapeLeft UIInterfaceOrientationLandscapeRight";
				INFOPLIST_KEY_UISupportedInterfaceOrientations_iPhone = "UIInterfaceOrientationPortrait UIInterfaceOrientationLandscapeLeft UIInterfaceOrientationLandscapeRight";
				LD_RUNPATH_SEARCH_PATHS = (
					"$(inherited)",
					"@executable_path/Frameworks",
				);
				MARKETING_VERSION = 1.0;
				PRODUCT_BUNDLE_IDENTIFIER = OnceDev.PicturesEverywhere;
				PRODUCT_NAME = "$(TARGET_NAME)";
				SWIFT_EMIT_LOC_STRINGS = YES;
				SWIFT_VERSION = 5.0;
				TARGETED_DEVICE_FAMILY = "1,2";
			};
			name = Release;
		};
/* End XCBuildConfiguration section */

/* Begin XCConfigurationList section */
		86EBCFCF29833A8400761936 /* Build configuration list for PBXProject "PicturesEverywhere" */ = {
			isa = XCConfigurationList;
			buildConfigurations = (
				86EBCFE629833A8500761936 /* Debug */,
				86EBCFE729833A8500761936 /* Release */,
			);
			defaultConfigurationIsVisible = 0;
			defaultConfigurationName = Release;
		};
		86EBCFE829833A8500761936 /* Build configuration list for PBXNativeTarget "PicturesEverywhere" */ = {
			isa = XCConfigurationList;
			buildConfigurations = (
				86EBCFE929833A8500761936 /* Debug */,
				86EBCFEA29833A8500761936 /* Release */,
			);
			defaultConfigurationIsVisible = 0;
			defaultConfigurationName = Release;
		};
/* End XCConfigurationList section */

/* Begin XCVersionGroup section */
		86F794F4298388E400528DAB /* PicturesDataModel.xcdatamodeld */ = {
			isa = XCVersionGroup;
			children = (
				86F794F5298388E400528DAB /* PicturesDataModel.xcdatamodel */,
			);
			currentVersion = 86F794F5298388E400528DAB /* PicturesDataModel.xcdatamodel */;
			path = PicturesDataModel.xcdatamodeld;
			sourceTree = "<group>";
			versionGroupType = wrapper.xcdatamodel;
		};
/* End XCVersionGroup section */
	};
	rootObject = 86EBCFCC29833A8400761936 /* Project object */;
}
